// !$*UTF8*$!
{
	archiveVersion = 1;
	classes = {
	};
	objectVersion = 56;
	objects = {

/* Begin PBXBuildFile section */
		A75D828F2BE8155B0085DE53 /* PersonDetailsView.swift in Sources */ = {isa = PBXBuildFile; fileRef = A75D828E2BE8155B0085DE53 /* PersonDetailsView.swift */; };
		A7A15CD92BE7EB3900E94562 /* ContactListSwUIApp.swift in Sources */ = {isa = PBXBuildFile; fileRef = A7A15CD82BE7EB3900E94562 /* ContactListSwUIApp.swift */; };
		A7A15CDB2BE7EB3900E94562 /* ContentView.swift in Sources */ = {isa = PBXBuildFile; fileRef = A7A15CDA2BE7EB3900E94562 /* ContentView.swift */; };
		A7A15CDD2BE7EB3A00E94562 /* Assets.xcassets in Resources */ = {isa = PBXBuildFile; fileRef = A7A15CDC2BE7EB3A00E94562 /* Assets.xcassets */; };
		A7A15CE02BE7EB3A00E94562 /* Preview Assets.xcassets in Resources */ = {isa = PBXBuildFile; fileRef = A7A15CDF2BE7EB3A00E94562 /* Preview Assets.xcassets */; };
		A7A15CE72BE7EC3D00E94562 /* DataStore.swift in Sources */ = {isa = PBXBuildFile; fileRef = A7A15CE62BE7EC3D00E94562 /* DataStore.swift */; };
		A7A15CE92BE7ECCC00E94562 /* Person.swift in Sources */ = {isa = PBXBuildFile; fileRef = A7A15CE82BE7ECCC00E94562 /* Person.swift */; };
		A7A15CEB2BE7F94700E94562 /* ContactListView.swift in Sources */ = {isa = PBXBuildFile; fileRef = A7A15CEA2BE7F94700E94562 /* ContactListView.swift */; };
		A7DCBECA2BE8468600741A3D /* NumberListView.swift in Sources */ = {isa = PBXBuildFile; fileRef = A7DCBEC92BE8468600741A3D /* NumberListView.swift */; };
		A7DCBECC2BE84B9700741A3D /* PersDataView.swift in Sources */ = {isa = PBXBuildFile; fileRef = A7DCBECB2BE84B9700741A3D /* PersDataView.swift */; };
/* End PBXBuildFile section */

/* Begin PBXFileReference section */
		A75D828E2BE8155B0085DE53 /* PersonDetailsView.swift */ = {isa = PBXFileReference; lastKnownFileType = sourcecode.swift; path = PersonDetailsView.swift; sourceTree = "<group>"; };
		A7A15CD52BE7EB3900E94562 /* ContactListSwUI.app */ = {isa = PBXFileReference; explicitFileType = wrapper.application; includeInIndex = 0; path = ContactListSwUI.app; sourceTree = BUILT_PRODUCTS_DIR; };
		A7A15CD82BE7EB3900E94562 /* ContactListSwUIApp.swift */ = {isa = PBXFileReference; lastKnownFileType = sourcecode.swift; path = ContactListSwUIApp.swift; sourceTree = "<group>"; };
		A7A15CDA2BE7EB3900E94562 /* ContentView.swift */ = {isa = PBXFileReference; lastKnownFileType = sourcecode.swift; path = ContentView.swift; sourceTree = "<group>"; };
		A7A15CDC2BE7EB3A00E94562 /* Assets.xcassets */ = {isa = PBXFileReference; lastKnownFileType = folder.assetcatalog; path = Assets.xcassets; sourceTree = "<group>"; };
		A7A15CDF2BE7EB3A00E94562 /* Preview Assets.xcassets */ = {isa = PBXFileReference; lastKnownFileType = folder.assetcatalog; path = "Preview Assets.xcassets"; sourceTree = "<group>"; };
		A7A15CE62BE7EC3D00E94562 /* DataStore.swift */ = {isa = PBXFileReference; fileEncoding = 4; lastKnownFileType = sourcecode.swift; path = DataStore.swift; sourceTree = "<group>"; };
		A7A15CE82BE7ECCC00E94562 /* Person.swift */ = {isa = PBXFileReference; fileEncoding = 4; lastKnownFileType = sourcecode.swift; path = Person.swift; sourceTree = "<group>"; };
		A7A15CEA2BE7F94700E94562 /* ContactListView.swift */ = {isa = PBXFileReference; lastKnownFileType = sourcecode.swift; path = ContactListView.swift; sourceTree = "<group>"; };
		A7DCBEC92BE8468600741A3D /* NumberListView.swift */ = {isa = PBXFileReference; lastKnownFileType = sourcecode.swift; path = NumberListView.swift; sourceTree = "<group>"; };
		A7DCBECB2BE84B9700741A3D /* PersDataView.swift */ = {isa = PBXFileReference; lastKnownFileType = sourcecode.swift; path = PersDataView.swift; sourceTree = "<group>"; };
/* End PBXFileReference section */

/* Begin PBXFrameworksBuildPhase section */
		A7A15CD22BE7EB3900E94562 /* Frameworks */ = {
			isa = PBXFrameworksBuildPhase;
			buildActionMask = 2147483647;
			files = (
			);
			runOnlyForDeploymentPostprocessing = 0;
		};
/* End PBXFrameworksBuildPhase section */

/* Begin PBXGroup section */
		A7A15CCC2BE7EB3900E94562 = {
			isa = PBXGroup;
			children = (
				A7A15CD72BE7EB3900E94562 /* ContactListSwUI */,
				A7A15CD62BE7EB3900E94562 /* Products */,
			);
			sourceTree = "<group>";
		};
		A7A15CD62BE7EB3900E94562 /* Products */ = {
			isa = PBXGroup;
			children = (
				A7A15CD52BE7EB3900E94562 /* ContactListSwUI.app */,
			);
			name = Products;
			sourceTree = "<group>";
		};
		A7A15CD72BE7EB3900E94562 /* ContactListSwUI */ = {
			isa = PBXGroup;
			children = (
				A7A15CD82BE7EB3900E94562 /* ContactListSwUIApp.swift */,
				A7A15CDA2BE7EB3900E94562 /* ContentView.swift */,
				A7A15CEA2BE7F94700E94562 /* ContactListView.swift */,
				A75D828E2BE8155B0085DE53 /* PersonDetailsView.swift */,
				A7DCBEC92BE8468600741A3D /* NumberListView.swift */,
				A7DCBECB2BE84B9700741A3D /* PersDataView.swift */,
				A7A15CEC2BE7FA5400E94562 /* DataStore */,
				A7A15CED2BE7FA6300E94562 /* Model */,
				A7A15CDC2BE7EB3A00E94562 /* Assets.xcassets */,
				A7A15CDE2BE7EB3A00E94562 /* Preview Content */,
			);
			path = ContactListSwUI;
			sourceTree = "<group>";
		};
		A7A15CDE2BE7EB3A00E94562 /* Preview Content */ = {
			isa = PBXGroup;
			children = (
				A7A15CDF2BE7EB3A00E94562 /* Preview Assets.xcassets */,
			);
			path = "Preview Content";
			sourceTree = "<group>";
		};
		A7A15CEC2BE7FA5400E94562 /* DataStore */ = {
			isa = PBXGroup;
			children = (
				A7A15CE62BE7EC3D00E94562 /* DataStore.swift */,
			);
			path = DataStore;
			sourceTree = "<group>";
		};
		A7A15CED2BE7FA6300E94562 /* Model */ = {
			isa = PBXGroup;
			children = (
				A7A15CE82BE7ECCC00E94562 /* Person.swift */,
			);
			path = Model;
			sourceTree = "<group>";
		};
/* End PBXGroup section */

/* Begin PBXNativeTarget section */
		A7A15CD42BE7EB3900E94562 /* ContactListSwUI */ = {
			isa = PBXNativeTarget;
			buildConfigurationList = A7A15CE32BE7EB3A00E94562 /* Build configuration list for PBXNativeTarget "ContactListSwUI" */;
			buildPhases = (
				A7A15CD12BE7EB3900E94562 /* Sources */,
				A7A15CD22BE7EB3900E94562 /* Frameworks */,
				A7A15CD32BE7EB3900E94562 /* Resources */,
			);
			buildRules = (
			);
			dependencies = (
			);
			name = ContactListSwUI;
			productName = ContactListSwUI;
			productReference = A7A15CD52BE7EB3900E94562 /* ContactListSwUI.app */;
			productType = "com.apple.product-type.application";
		};
/* End PBXNativeTarget section */

/* Begin PBXProject section */
		A7A15CCD2BE7EB3900E94562 /* Project object */ = {
			isa = PBXProject;
			attributes = {
				BuildIndependentTargetsInParallel = 1;
				LastSwiftUpdateCheck = 1530;
				LastUpgradeCheck = 1530;
				TargetAttributes = {
					A7A15CD42BE7EB3900E94562 = {
						CreatedOnToolsVersion = 15.3;
					};
				};
			};
			buildConfigurationList = A7A15CD02BE7EB3900E94562 /* Build configuration list for PBXProject "ContactListSwUI" */;
			compatibilityVersion = "Xcode 14.0";
			developmentRegion = en;
			hasScannedForEncodings = 0;
			knownRegions = (
				en,
				Base,
			);
			mainGroup = A7A15CCC2BE7EB3900E94562;
			productRefGroup = A7A15CD62BE7EB3900E94562 /* Products */;
			projectDirPath = "";
			projectRoot = "";
			targets = (
				A7A15CD42BE7EB3900E94562 /* ContactListSwUI */,
			);
		};
/* End PBXProject section */

/* Begin PBXResourcesBuildPhase section */
		A7A15CD32BE7EB3900E94562 /* Resources */ = {
			isa = PBXResourcesBuildPhase;
			buildActionMask = 2147483647;
			files = (
				A7A15CE02BE7EB3A00E94562 /* Preview Assets.xcassets in Resources */,
				A7A15CDD2BE7EB3A00E94562 /* Assets.xcassets in Resources */,
			);
			runOnlyForDeploymentPostprocessing = 0;
		};
/* End PBXResourcesBuildPhase section */

/* Begin PBXSourcesBuildPhase section */
		A7A15CD12BE7EB3900E94562 /* Sources */ = {
			isa = PBXSourcesBuildPhase;
			buildActionMask = 2147483647;
			files = (
				A75D828F2BE8155B0085DE53 /* PersonDetailsView.swift in Sources */,
				A7A15CEB2BE7F94700E94562 /* ContactListView.swift in Sources */,
				A7A15CDB2BE7EB3900E94562 /* ContentView.swift in Sources */,
				A7A15CE72BE7EC3D00E94562 /* DataStore.swift in Sources */,
				A7DCBECC2BE84B9700741A3D /* PersDataView.swift in Sources */,
				A7A15CE92BE7ECCC00E94562 /* Person.swift in Sources */,
				A7A15CD92BE7EB3900E94562 /* ContactListSwUIApp.swift in Sources */,
				A7DCBECA2BE8468600741A3D /* NumberListView.swift in Sources */,
			);
			runOnlyForDeploymentPostprocessing = 0;
		};
/* End PBXSourcesBuildPhase section */

/* Begin XCBuildConfiguration section */
		A7A15CE12BE7EB3A00E94562 /* Debug */ = {
			isa = XCBuildConfiguration;
			buildSettings = {
				ALWAYS_SEARCH_USER_PATHS = NO;
				ASSETCATALOG_COMPILER_GENERATE_SWIFT_ASSET_SYMBOL_EXTENSIONS = YES;
				CLANG_ANALYZER_NONNULL = YES;
				CLANG_ANALYZER_NUMBER_OBJECT_CONVERSION = YES_AGGRESSIVE;
				CLANG_CXX_LANGUAGE_STANDARD = "gnu++20";
				CLANG_ENABLE_MODULES = YES;
				CLANG_ENABLE_OBJC_ARC = YES;
				CLANG_ENABLE_OBJC_WEAK = YES;
				CLANG_WARN_BLOCK_CAPTURE_AUTORELEASING = YES;
				CLANG_WARN_BOOL_CONVERSION = YES;
				CLANG_WARN_COMMA = YES;
				CLANG_WARN_CONSTANT_CONVERSION = YES;
				CLANG_WARN_DEPRECATED_OBJC_IMPLEMENTATIONS = YES;
				CLANG_WARN_DIRECT_OBJC_ISA_USAGE = YES_ERROR;
				CLANG_WARN_DOCUMENTATION_COMMENTS = YES;
				CLANG_WARN_EMPTY_BODY = YES;
				CLANG_WARN_ENUM_CONVERSION = YES;
				CLANG_WARN_INFINITE_RECURSION = YES;
				CLANG_WARN_INT_CONVERSION = YES;
				CLANG_WARN_NON_LITERAL_NULL_CONVERSION = YES;
				CLANG_WARN_OBJC_IMPLICIT_RETAIN_SELF = YES;
				CLANG_WARN_OBJC_LITERAL_CONVERSION = YES;
				CLANG_WARN_OBJC_ROOT_CLASS = YES_ERROR;
				CLANG_WARN_QUOTED_INCLUDE_IN_FRAMEWORK_HEADER = YES;
				CLANG_WARN_RANGE_LOOP_ANALYSIS = YES;
				CLANG_WARN_STRICT_PROTOTYPES = YES;
				CLANG_WARN_SUSPICIOUS_MOVE = YES;
				CLANG_WARN_UNGUARDED_AVAILABILITY = YES_AGGRESSIVE;
				CLANG_WARN_UNREACHABLE_CODE = YES;
				CLANG_WARN__DUPLICATE_METHOD_MATCH = YES;
				COPY_PHASE_STRIP = NO;
				DEBUG_INFORMATION_FORMAT = dwarf;
				ENABLE_STRICT_OBJC_MSGSEND = YES;
				ENABLE_TESTABILITY = YES;
				ENABLE_USER_SCRIPT_SANDBOXING = YES;
				GCC_C_LANGUAGE_STANDARD = gnu17;
				GCC_DYNAMIC_NO_PIC = NO;
				GCC_NO_COMMON_BLOCKS = YES;
				GCC_OPTIMIZATION_LEVEL = 0;
				GCC_PREPROCESSOR_DEFINITIONS = (
					"DEBUG=1",
					"$(inherited)",
				);
				GCC_WARN_64_TO_32_BIT_CONVERSION = YES;
				GCC_WARN_ABOUT_RETURN_TYPE = YES_ERROR;
				GCC_WARN_UNDECLARED_SELECTOR = YES;
				GCC_WARN_UNINITIALIZED_AUTOS = YES_AGGRESSIVE;
				GCC_WARN_UNUSED_FUNCTION = YES;
				GCC_WARN_UNUSED_VARIABLE = YES;
				IPHONEOS_DEPLOYMENT_TARGET = 17.4;
				LOCALIZATION_PREFERS_STRING_CATALOGS = YES;
				MTL_ENABLE_DEBUG_INFO = INCLUDE_SOURCE;
				MTL_FAST_MATH = YES;
				ONLY_ACTIVE_ARCH = YES;
				SDKROOT = iphoneos;
				SWIFT_ACTIVE_COMPILATION_CONDITIONS = "DEBUG $(inherited)";
				SWIFT_OPTIMIZATION_LEVEL = "-Onone";
			};
			name = Debug;
		};
		A7A15CE22BE7EB3A00E94562 /* Release */ = {
			isa = XCBuildConfiguration;
			buildSettings = {
				ALWAYS_SEARCH_USER_PATHS = NO;
				ASSETCATALOG_COMPILER_GENERATE_SWIFT_ASSET_SYMBOL_EXTENSIONS = YES;
				CLANG_ANALYZER_NONNULL = YES;
				CLANG_ANALYZER_NUMBER_OBJECT_CONVERSION = YES_AGGRESSIVE;
				CLANG_CXX_LANGUAGE_STANDARD = "gnu++20";
				CLANG_ENABLE_MODULES = YES;
				CLANG_ENABLE_OBJC_ARC = YES;
				CLANG_ENABLE_OBJC_WEAK = YES;
				CLANG_WARN_BLOCK_CAPTURE_AUTORELEASING = YES;
				CLANG_WARN_BOOL_CONVERSION = YES;
				CLANG_WARN_COMMA = YES;
				CLANG_WARN_CONSTANT_CONVERSION = YES;
				CLANG_WARN_DEPRECATED_OBJC_IMPLEMENTATIONS = YES;
				CLANG_WARN_DIRECT_OBJC_ISA_USAGE = YES_ERROR;
				CLANG_WARN_DOCUMENTATION_COMMENTS = YES;
				CLANG_WARN_EMPTY_BODY = YES;
				CLANG_WARN_ENUM_CONVERSION = YES;
				CLANG_WARN_INFINITE_RECURSION = YES;
				CLANG_WARN_INT_CONVERSION = YES;
				CLANG_WARN_NON_LITERAL_NULL_CONVERSION = YES;
				CLANG_WARN_OBJC_IMPLICIT_RETAIN_SELF = YES;
				CLANG_WARN_OBJC_LITERAL_CONVERSION = YES;
				CLANG_WARN_OBJC_ROOT_CLASS = YES_ERROR;
				CLANG_WARN_QUOTED_INCLUDE_IN_FRAMEWORK_HEADER = YES;
				CLANG_WARN_RANGE_LOOP_ANALYSIS = YES;
				CLANG_WARN_STRICT_PROTOTYPES = YES;
				CLANG_WARN_SUSPICIOUS_MOVE = YES;
				CLANG_WARN_UNGUARDED_AVAILABILITY = YES_AGGRESSIVE;
				CLANG_WARN_UNREACHABLE_CODE = YES;
				CLANG_WARN__DUPLICATE_METHOD_MATCH = YES;
				COPY_PHASE_STRIP = NO;
				DEBUG_INFORMATION_FORMAT = "dwarf-with-dsym";
				ENABLE_NS_ASSERTIONS = NO;
				ENABLE_STRICT_OBJC_MSGSEND = YES;
				ENABLE_USER_SCRIPT_SANDBOXING = YES;
				GCC_C_LANGUAGE_STANDARD = gnu17;
				GCC_NO_COMMON_BLOCKS = YES;
				GCC_WARN_64_TO_32_BIT_CONVERSION = YES;
				GCC_WARN_ABOUT_RETURN_TYPE = YES_ERROR;
				GCC_WARN_UNDECLARED_SELECTOR = YES;
				GCC_WARN_UNINITIALIZED_AUTOS = YES_AGGRESSIVE;
				GCC_WARN_UNUSED_FUNCTION = YES;
				GCC_WARN_UNUSED_VARIABLE = YES;
				IPHONEOS_DEPLOYMENT_TARGET = 17.4;
				LOCALIZATION_PREFERS_STRING_CATALOGS = YES;
				MTL_ENABLE_DEBUG_INFO = NO;
				MTL_FAST_MATH = YES;
				SDKROOT = iphoneos;
				SWIFT_COMPILATION_MODE = wholemodule;
				VALIDATE_PRODUCT = YES;
			};
			name = Release;
		};
		A7A15CE42BE7EB3A00E94562 /* Debug */ = {
			isa = XCBuildConfiguration;
			buildSettings = {
				ASSETCATALOG_COMPILER_APPICON_NAME = AppIcon;
				ASSETCATALOG_COMPILER_GLOBAL_ACCENT_COLOR_NAME = AccentColor;
				CODE_SIGN_STYLE = Automatic;
				CURRENT_PROJECT_VERSION = 1;
				DEVELOPMENT_ASSET_PATHS = "\"ContactListSwUI/Preview Content\"";
				ENABLE_PREVIEWS = YES;
				GENERATE_INFOPLIST_FILE = YES;
				INFOPLIST_KEY_UIApplicationSceneManifest_Generation = YES;
				INFOPLIST_KEY_UIApplicationSupportsIndirectInputEvents = YES;
				INFOPLIST_KEY_UILaunchScreen_Generation = YES;
				INFOPLIST_KEY_UISupportedInterfaceOrientations = UIInterfaceOrientationPortrait;
				INFOPLIST_KEY_UISupportedInterfaceOrientations_iPad = "UIInterfaceOrientationLandscapeLeft UIInterfaceOrientationLandscapeRight UIInterfaceOrientationPortrait UIInterfaceOrientationPortraitUpsideDown";
				LD_RUNPATH_SEARCH_PATHS = (
					"$(inherited)",
					"@executable_path/Frameworks",
				);
				MARKETING_VERSION = 1.0;
				PRODUCT_BUNDLE_IDENTIFIER = VnY.ContactListSwUI;
				PRODUCT_NAME = "$(TARGET_NAME)";
				SUPPORTED_PLATFORMS = "iphoneos iphonesimulator";
				SUPPORTS_MACCATALYST = NO;
				SUPPORTS_MAC_DESIGNED_FOR_IPHONE_IPAD = NO;
				SUPPORTS_XR_DESIGNED_FOR_IPHONE_IPAD = NO;
				SWIFT_EMIT_LOC_STRINGS = YES;
				SWIFT_VERSION = 5.0;
				TARGETED_DEVICE_FAMILY = 1;
			};
			name = Debug;
		};
		A7A15CE52BE7EB3A00E94562 /* Release */ = {
			isa = XCBuildConfiguration;
			buildSettings = {
				ASSETCATALOG_COMPILER_APPICON_NAME = AppIcon;
				ASSETCATALOG_COMPILER_GLOBAL_ACCENT_COLOR_NAME = AccentColor;
				CODE_SIGN_STYLE = Automatic;
				CURRENT_PROJECT_VERSION = 1;
				DEVELOPMENT_ASSET_PATHS = "\"ContactListSwUI/Preview Content\"";
				ENABLE_PREVIEWS = YES;
				GENERATE_INFOPLIST_FILE = YES;
				INFOPLIST_KEY_UIApplicationSceneManifest_Generation = YES;
				INFOPLIST_KEY_UIApplicationSupportsIndirectInputEvents = YES;
				INFOPLIST_KEY_UILaunchScreen_Generation = YES;
				INFOPLIST_KEY_UISupportedInterfaceOrientations = UIInterfaceOrientationPortrait;
				INFOPLIST_KEY_UISupportedInterfaceOrientations_iPad = "UIInterfaceOrientationLandscapeLeft UIInterfaceOrientationLandscapeRight UIInterfaceOrientationPortrait UIInterfaceOrientationPortraitUpsideDown";
				LD_RUNPATH_SEARCH_PATHS = (
					"$(inherited)",
					"@executable_path/Frameworks",
				);
				MARKETING_VERSION = 1.0;
				PRODUCT_BUNDLE_IDENTIFIER = VnY.ContactListSwUI;
				PRODUCT_NAME = "$(TARGET_NAME)";
				SUPPORTED_PLATFORMS = "iphoneos iphonesimulator";
				SUPPORTS_MACCATALYST = NO;
				SUPPORTS_MAC_DESIGNED_FOR_IPHONE_IPAD = NO;
				SUPPORTS_XR_DESIGNED_FOR_IPHONE_IPAD = NO;
				SWIFT_EMIT_LOC_STRINGS = YES;
				SWIFT_VERSION = 5.0;
				TARGETED_DEVICE_FAMILY = 1;
			};
			name = Release;
		};
/* End XCBuildConfiguration section */

/* Begin XCConfigurationList section */
		A7A15CD02BE7EB3900E94562 /* Build configuration list for PBXProject "ContactListSwUI" */ = {
			isa = XCConfigurationList;
			buildConfigurations = (
				A7A15CE12BE7EB3A00E94562 /* Debug */,
				A7A15CE22BE7EB3A00E94562 /* Release */,
			);
			defaultConfigurationIsVisible = 0;
			defaultConfigurationName = Release;
		};
		A7A15CE32BE7EB3A00E94562 /* Build configuration list for PBXNativeTarget "ContactListSwUI" */ = {
			isa = XCConfigurationList;
			buildConfigurations = (
				A7A15CE42BE7EB3A00E94562 /* Debug */,
				A7A15CE52BE7EB3A00E94562 /* Release */,
			);
			defaultConfigurationIsVisible = 0;
			defaultConfigurationName = Release;
		};
/* End XCConfigurationList section */
	};
	rootObject = A7A15CCD2BE7EB3900E94562 /* Project object */;
}
